{
  "version": 4,
  "terraform_version": "1.5.7",
  "serial": 59,
  "lineage": "c7b140bb-c0e3-2926-b662-a8bc1d679567",
  "outputs": {
    "application_url": {
      "value": "http://vekydptixfad5pknl5j3skeeva-df3ce5df5ae96a2d.elb.us-east-1.amazonaws.com:8196/PlanetsDemo-web-1.0.0/",
      "type": "string"
    }
  },
  "resources": [
    {
      "mode": "data",
      "type": "aws_availability_zones",
      "name": "available",
      "provider": "provider[\"registry.terraform.io/hashicorp/aws\"]",
      "instances": [
        {
          "schema_version": 0,
          "attributes": {
            "all_availability_zones": null,
            "exclude_names": null,
            "exclude_zone_ids": null,
            "filter": [
              {
                "name": "opt-in-status",
                "values": [
                  "opt-in-not-required"
                ]
              }
            ],
            "group_names": [
              "us-east-1-zg-1"
            ],
            "id": "us-east-1",
            "names": [
              "us-east-1a",
              "us-east-1b",
              "us-east-1c",
              "us-east-1d",
              "us-east-1e",
              "us-east-1f"
            ],
            "state": "available",
            "timeouts": null,
            "zone_ids": [
              "use1-az6",
              "use1-az1",
              "use1-az2",
              "use1-az4",
              "use1-az3",
              "use1-az5"
            ]
          },
          "sensitive_attributes": []
        }
      ]
    },
    {
      "mode": "data",
      "type": "aws_caller_identity",
      "name": "current",
      "provider": "provider[\"registry.terraform.io/hashicorp/aws\"]",
      "instances": [
        {
          "schema_version": 0,
          "attributes": {
            "account_id": "115228050885",
            "arn": "arn:aws:sts::115228050885:assumed-role/AWSReservedSSO_Adminstator-use1_22c6aad24f22d66a/hai.pham4@sotatek.com",
            "id": "115228050885",
            "user_id": "AROARVVBAQXC6ALVDH3G2:hai.pham4@sotatek.com"
          },
          "sensitive_attributes": []
        }
      ]
    },
    {
      "mode": "data",
      "type": "aws_lb",
      "name": "m2_lb",
      "provider": "provider[\"registry.terraform.io/hashicorp/aws\"]",
      "instances": [
        {
          "schema_version": 0,
          "attributes": {
            "access_logs": [
              {
                "bucket": "",
                "enabled": false,
                "prefix": ""
              }
            ],
            "arn": "arn:aws:elasticloadbalancing:us-east-1:115228050885:loadbalancer/net/vekydptixfad5pknl5j3skeeva/df3ce5df5ae96a2d",
            "arn_suffix": "net/vekydptixfad5pknl5j3skeeva/df3ce5df5ae96a2d",
            "client_keep_alive": null,
            "connection_logs": [
              {
                "bucket": null,
                "enabled": null,
                "prefix": null
              }
            ],
            "customer_owned_ipv4_pool": "",
            "desync_mitigation_mode": null,
            "dns_name": "vekydptixfad5pknl5j3skeeva-df3ce5df5ae96a2d.elb.us-east-1.amazonaws.com",
            "dns_record_client_routing_policy": "any_availability_zone",
            "drop_invalid_header_fields": null,
            "enable_cross_zone_load_balancing": false,
            "enable_deletion_protection": false,
            "enable_http2": null,
            "enable_tls_version_and_cipher_suite_headers": null,
            "enable_waf_fail_open": null,
            "enable_xff_client_port": null,
            "enable_zonal_shift": false,
            "enforce_security_group_inbound_rules_on_private_link_traffic": "",
            "id": "arn:aws:elasticloadbalancing:us-east-1:115228050885:loadbalancer/net/vekydptixfad5pknl5j3skeeva/df3ce5df5ae96a2d",
            "idle_timeout": null,
            "internal": false,
            "ip_address_type": "ipv4",
            "ipam_pools": [],
            "load_balancer_type": "network",
            "name": "vekydptixfad5pknl5j3skeeva",
            "preserve_host_header": null,
            "security_groups": [
              "sg-0fd1ec9ec75df6ca8"
            ],
            "subnet_mapping": [
              {
                "allocation_id": "",
                "ipv6_address": "",
                "outpost_id": "",
                "private_ipv4_address": "",
                "subnet_id": "subnet-06cb8fef122bc5b87"
              },
              {
                "allocation_id": "",
                "ipv6_address": "",
                "outpost_id": "",
                "private_ipv4_address": "",
                "subnet_id": "subnet-0b1f0f779b4afa44c"
              }
            ],
            "subnets": [
              "subnet-06cb8fef122bc5b87",
              "subnet-0b1f0f779b4afa44c"
            ],
            "tags": {
              "envId": "vekydptixfad5pknl5j3skeeva"
            },
            "timeouts": null,
            "vpc_id": "vpc-0d13f4a066e668ecd",
            "xff_header_processing_mode": null,
            "zone_id": "Z26RNL4JYFTOTI"
          },
          "sensitive_attributes": []
        }
      ]
    },
    {
      "mode": "data",
      "type": "aws_region",
      "name": "current",
      "provider": "provider[\"registry.terraform.io/hashicorp/aws\"]",
      "instances": [
        {
          "schema_version": 0,
          "attributes": {
            "description": "US East (N. Virginia)",
            "endpoint": "ec2.us-east-1.amazonaws.com",
            "id": "us-east-1",
            "name": "us-east-1"
          },
          "sensitive_attributes": []
        }
      ]
    },
    {
      "mode": "managed",
      "type": "aws_m2_application",
      "name": "example",
      "provider": "provider[\"registry.terraform.io/hashicorp/aws\"]",
      "instances": [
        {
          "schema_version": 0,
          "attributes": {
            "application_id": "i6qhpqrfgvfwvlkiyhlpkimbva",
            "arn": "arn:aws:m2:us-east-1:115228050885:app/i6qhpqrfgvfwvlkiyhlpkimbva",
            "current_version": 1,
            "definition": [
              {
                "content": "{\n  \"template-version\": \"2.0\",\n  \"source-locations\": [\n    {\n      \"source-id\": \"s3-source\",\n      \"source-type\": \"s3\",\n      \"properties\": {\n        \"s3-bucket\": \"terraform-m2-demo-planet-us-east-1-115228050885\",\n        \"s3-key-prefix\": \"v1\"\n      }\n    }\n  ],\n  \"definition\": {\n    \"listeners\": [\n      {\n        \"port\": 8196,\n        \"type\": \"http\"\n      }\n    ],\n    \"ba-application\": {\n      \"app-location\": \"${s3-source}/PlanetsDemo-v1.zip\"\n    }\n  }\n}",
                "s3_location": null
              }
            ],
            "description": null,
            "engine_type": "bluage",
            "id": "i6qhpqrfgvfwvlkiyhlpkimbva",
            "kms_key_id": null,
            "name": "terraform-m2-demo-planet",
            "role_arn": null,
            "tags": {
              "engine": "bluage"
            },
            "tags_all": {
              "engine": "bluage",
              "managedBy": "terraform",
              "project": "mainframe-modernization-planet-demo"
            },
            "timeouts": null
          },
          "sensitive_attributes": [],
          "dependencies": [
            "aws_s3_object.example",
            "data.aws_caller_identity.current",
            "data.aws_region.current",
            "module.s3_bucket.aws_s3_bucket.this",
            "module.s3_bucket.aws_s3_bucket_policy.this"
          ]
        }
      ]
    },
    {
      "mode": "managed",
      "type": "aws_m2_deployment",
      "name": "example",
      "provider": "provider[\"registry.terraform.io/hashicorp/aws\"]",
      "instances": [
        {
          "schema_version": 0,
          "attributes": {
            "application_id": "i6qhpqrfgvfwvlkiyhlpkimbva",
            "application_version": 1,
            "deployment_id": "rzouwyc53jb2fhdn6qx5iw357u",
            "environment_id": "vekydptixfad5pknl5j3skeeva",
            "force_stop": null,
            "id": "i6qhpqrfgvfwvlkiyhlpkimbva,rzouwyc53jb2fhdn6qx5iw357u",
            "start": true,
            "timeouts": null
          },
          "sensitive_attributes": [],
          "dependencies": [
            "aws_m2_application.example",
            "aws_m2_environment.example",
            "aws_s3_object.example",
            "aws_security_group.example",
            "data.aws_caller_identity.current",
            "data.aws_region.current",
            "module.s3_bucket.aws_s3_bucket.this",
            "module.s3_bucket.aws_s3_bucket_policy.this"
          ]
        }
      ]
    },
    {
      "mode": "managed",
      "type": "aws_m2_environment",
      "name": "example",
      "provider": "provider[\"registry.terraform.io/hashicorp/aws\"]",
      "instances": [
        {
          "schema_version": 0,
          "attributes": {
            "apply_changes_during_maintenance_window": null,
            "arn": "arn:aws:m2:us-east-1:115228050885:env/vekydptixfad5pknl5j3skeeva",
            "description": "terraform-m2-demo-planet",
            "engine_type": "bluage",
            "engine_version": "3.9.0",
            "environment_id": "vekydptixfad5pknl5j3skeeva",
            "force_update": null,
            "high_availability_config": [],
            "id": "vekydptixfad5pknl5j3skeeva",
            "instance_type": "M2.m5.large",
            "kms_key_id": null,
            "load_balancer_arn": "arn:aws:elasticloadbalancing:us-east-1:115228050885:loadbalancer/net/vekydptixfad5pknl5j3skeeva/df3ce5df5ae96a2d",
            "name": "terraform-m2-demo-planet",
            "preferred_maintenance_window": "fri:08:11-fri:10:11",
            "publicly_accessible": true,
            "security_group_ids": [
              "sg-0fd1ec9ec75df6ca8"
            ],
            "storage_configuration": [],
            "subnet_ids": [
              "subnet-06cb8fef122bc5b87",
              "subnet-0b1f0f779b4afa44c"
            ],
            "tags": null,
            "tags_all": {
              "managedBy": "terraform",
              "project": "mainframe-modernization-planet-demo"
            },
            "timeouts": null
          },
          "sensitive_attributes": [],
          "dependencies": [
            "aws_security_group.example"
          ]
        }
      ]
    },
    {
      "mode": "managed",
      "type": "aws_s3_object",
      "name": "example",
      "provider": "provider[\"registry.terraform.io/hashicorp/aws\"]",
      "instances": [
        {
          "schema_version": 0,
          "attributes": {
            "acl": null,
            "arn": "arn:aws:s3:::terraform-m2-demo-planet-us-east-1-115228050885/v1/PlanetsDemo-v1.zip",
            "bucket": "terraform-m2-demo-planet-us-east-1-115228050885",
            "bucket_key_enabled": false,
            "cache_control": "",
            "checksum_algorithm": null,
            "checksum_crc32": "",
            "checksum_crc32c": "",
            "checksum_crc64nvme": "",
            "checksum_sha1": "",
            "checksum_sha256": "",
            "content": null,
            "content_base64": null,
            "content_disposition": "",
            "content_encoding": "",
            "content_language": "",
            "content_type": "application/octet-stream",
            "etag": "dfd7d100422e6f86aa727f098c7da020",
            "force_destroy": false,
            "id": "v1/PlanetsDemo-v1.zip",
            "key": "v1/PlanetsDemo-v1.zip",
            "kms_key_id": null,
            "metadata": null,
            "object_lock_legal_hold_status": "",
            "object_lock_mode": "",
            "object_lock_retain_until_date": "",
            "override_provider": [],
            "server_side_encryption": "AES256",
            "source": "PlanetsDemo-v1.zip",
            "source_hash": null,
            "storage_class": "STANDARD",
            "tags": null,
            "tags_all": {
              "managedBy": "terraform",
              "project": "mainframe-modernization-planet-demo"
            },
            "version_id": "vctPyJTwpMU3pzMqKzOmAswytsMaZqou",
            "website_redirect": ""
          },
          "sensitive_attributes": [],
          "private": "bnVsbA==",
          "dependencies": [
            "data.aws_caller_identity.current",
            "data.aws_region.current",
            "module.s3_bucket.aws_s3_bucket.this",
            "module.s3_bucket.aws_s3_bucket_policy.this"
          ]
        }
      ]
    },
    {
      "mode": "managed",
      "type": "aws_security_group",
      "name": "example",
      "provider": "provider[\"registry.terraform.io/hashicorp/aws\"]",
      "instances": [
        {
          "schema_version": 1,
          "attributes": {
            "arn": "arn:aws:ec2:us-east-1:115228050885:security-group/sg-0fd1ec9ec75df6ca8",
            "description": "M2 Security Group",
            "egress": [
              {
                "cidr_blocks": [
                  "0.0.0.0/0"
                ],
                "description": "Allow outbound",
                "from_port": 443,
                "ipv6_cidr_blocks": [],
                "prefix_list_ids": [],
                "protocol": "tcp",
                "security_groups": [],
                "self": false,
                "to_port": 443
              },
              {
                "cidr_blocks": [
                  "10.0.0.0/16"
                ],
                "description": "Allow outbound",
                "from_port": 0,
                "ipv6_cidr_blocks": [],
                "prefix_list_ids": [],
                "protocol": "-1",
                "security_groups": [],
                "self": false,
                "to_port": 0
              }
            ],
            "id": "sg-0fd1ec9ec75df6ca8",
            "ingress": [
              {
                "cidr_blocks": [
                  "0.0.0.0/0"
                ],
                "description": "Allow ingress from all IP",
                "from_port": 8196,
                "ipv6_cidr_blocks": [],
                "prefix_list_ids": [],
                "protocol": "tcp",
                "security_groups": [],
                "self": false,
                "to_port": 8196
              },
              {
                "cidr_blocks": [
                  "10.0.0.0/16"
                ],
                "description": "Allow ingress from VPC",
                "from_port": 0,
                "ipv6_cidr_blocks": [],
                "prefix_list_ids": [],
                "protocol": "-1",
                "security_groups": [],
                "self": false,
                "to_port": 0
              }
            ],
            "name": "terraform-m2-demo-planet",
            "name_prefix": "",
            "owner_id": "115228050885",
            "revoke_rules_on_delete": false,
            "tags": {
              "Name": "terraform-m2-demo-planet"
            },
            "tags_all": {
              "Name": "terraform-m2-demo-planet",
              "managedBy": "terraform",
              "project": "mainframe-modernization-planet-demo"
            },
            "timeouts": null,
            "vpc_id": "vpc-0d13f4a066e668ecd"
          },
          "sensitive_attributes": [],
          "private": "eyJlMmJmYjczMC1lY2FhLTExZTYtOGY4OC0zNDM2M2JjN2M0YzAiOnsiY3JlYXRlIjo2MDAwMDAwMDAwMDAsImRlbGV0ZSI6OTAwMDAwMDAwMDAwfSwic2NoZW1hX3ZlcnNpb24iOiIxIn0="
        }
      ]
    },
    {
      "module": "module.s3_bucket",
      "mode": "data",
      "type": "aws_caller_identity",
      "name": "current",
      "provider": "provider[\"registry.terraform.io/hashicorp/aws\"]",
      "instances": [
        {
          "schema_version": 0,
          "attributes": {
            "account_id": "115228050885",
            "arn": "arn:aws:sts::115228050885:assumed-role/AWSReservedSSO_Adminstator-use1_22c6aad24f22d66a/hai.pham4@sotatek.com",
            "id": "115228050885",
            "user_id": "AROARVVBAQXC6ALVDH3G2:hai.pham4@sotatek.com"
          },
          "sensitive_attributes": []
        }
      ]
    },
    {
      "module": "module.s3_bucket",
      "mode": "data",
      "type": "aws_partition",
      "name": "current",
      "provider": "provider[\"registry.terraform.io/hashicorp/aws\"]",
      "instances": [
        {
          "schema_version": 0,
          "attributes": {
            "dns_suffix": "amazonaws.com",
            "id": "aws",
            "partition": "aws",
            "reverse_dns_prefix": "com.amazonaws"
          },
          "sensitive_attributes": []
        }
      ]
    },
    {
      "module": "module.s3_bucket",
      "mode": "data",
      "type": "aws_region",
      "name": "current",
      "provider": "provider[\"registry.terraform.io/hashicorp/aws\"]",
      "instances": [
        {
          "schema_version": 0,
          "attributes": {
            "description": "US East (N. Virginia)",
            "endpoint": "ec2.us-east-1.amazonaws.com",
            "id": "us-east-1",
            "name": "us-east-1"
          },
          "sensitive_attributes": []
        }
      ]
    },
    {
      "module": "module.s3_bucket",
      "mode": "managed",
      "type": "aws_s3_bucket",
      "name": "this",
      "provider": "provider[\"registry.terraform.io/hashicorp/aws\"]",
      "instances": [
        {
          "index_key": 0,
          "schema_version": 0,
          "attributes": {
            "acceleration_status": "",
            "acl": null,
            "arn": "arn:aws:s3:::terraform-m2-demo-planet-us-east-1-115228050885",
            "bucket": "terraform-m2-demo-planet-us-east-1-115228050885",
            "bucket_domain_name": "terraform-m2-demo-planet-us-east-1-115228050885.s3.amazonaws.com",
            "bucket_prefix": "",
            "bucket_regional_domain_name": "terraform-m2-demo-planet-us-east-1-115228050885.s3.us-east-1.amazonaws.com",
            "cors_rule": [],
            "force_destroy": true,
            "grant": [
              {
                "id": "d476d7116ea2ec7483c4d5d714e995bf2dc82b44b4939015f06a47d0111083c7",
                "permissions": [
                  "FULL_CONTROL"
                ],
                "type": "CanonicalUser",
                "uri": ""
              }
            ],
            "hosted_zone_id": "Z3AQBSTGFYJSTF",
            "id": "terraform-m2-demo-planet-us-east-1-115228050885",
            "lifecycle_rule": [],
            "logging": [],
            "object_lock_configuration": [],
            "object_lock_enabled": false,
            "policy": "",
            "region": "us-east-1",
            "replication_configuration": [],
            "request_payer": "BucketOwner",
            "server_side_encryption_configuration": [
              {
                "rule": [
                  {
                    "apply_server_side_encryption_by_default": [
                      {
                        "kms_master_key_id": "",
                        "sse_algorithm": "AES256"
                      }
                    ],
                    "bucket_key_enabled": false
                  }
                ]
              }
            ],
            "tags": null,
            "tags_all": {
              "managedBy": "terraform",
              "project": "mainframe-modernization-planet-demo"
            },
            "timeouts": null,
            "versioning": [
              {
                "enabled": false,
                "mfa_delete": false
              }
            ],
            "website": [],
            "website_domain": null,
            "website_endpoint": null
          },
          "sensitive_attributes": [],
          "private": "eyJlMmJmYjczMC1lY2FhLTExZTYtOGY4OC0zNDM2M2JjN2M0YzAiOnsiY3JlYXRlIjoxMjAwMDAwMDAwMDAwLCJkZWxldGUiOjM2MDAwMDAwMDAwMDAsInJlYWQiOjEyMDAwMDAwMDAwMDAsInVwZGF0ZSI6MTIwMDAwMDAwMDAwMH19",
          "dependencies": [
            "data.aws_caller_identity.current",
            "data.aws_region.current"
          ]
        }
      ]
    },
    {
      "module": "module.s3_bucket",
      "mode": "managed",
      "type": "aws_s3_bucket_public_access_block",
      "name": "this",
      "provider": "provider[\"registry.terraform.io/hashicorp/aws\"]",
      "instances": [
        {
          "index_key": 0,
          "schema_version": 0,
          "attributes": {
            "block_public_acls": true,
            "block_public_policy": true,
            "bucket": "terraform-m2-demo-planet-us-east-1-115228050885",
            "id": "terraform-m2-demo-planet-us-east-1-115228050885",
            "ignore_public_acls": true,
            "restrict_public_buckets": true
          },
          "sensitive_attributes": [],
          "private": "bnVsbA==",
          "dependencies": [
            "data.aws_caller_identity.current",
            "data.aws_region.current",
            "module.s3_bucket.aws_s3_bucket.this"
          ]
        }
      ]
    },
    {
      "module": "module.s3_bucket",
      "mode": "managed",
      "type": "aws_s3_bucket_server_side_encryption_configuration",
      "name": "this",
      "provider": "provider[\"registry.terraform.io/hashicorp/aws\"]",
      "instances": [
        {
          "index_key": 0,
          "schema_version": 0,
          "attributes": {
            "bucket": "terraform-m2-demo-planet-us-east-1-115228050885",
            "expected_bucket_owner": "",
            "id": "terraform-m2-demo-planet-us-east-1-115228050885",
            "rule": [
              {
                "apply_server_side_encryption_by_default": [
                  {
                    "kms_master_key_id": "",
                    "sse_algorithm": "AES256"
                  }
                ],
                "bucket_key_enabled": null
              }
            ]
          },
          "sensitive_attributes": [],
          "private": "bnVsbA==",
          "dependencies": [
            "data.aws_caller_identity.current",
            "data.aws_region.current",
            "module.s3_bucket.aws_s3_bucket.this"
          ]
        }
      ]
    },
    {
      "module": "module.s3_bucket",
      "mode": "managed",
      "type": "aws_s3_bucket_versioning",
      "name": "this",
      "provider": "provider[\"registry.terraform.io/hashicorp/aws\"]",
      "instances": [
        {
          "index_key": 0,
          "schema_version": 0,
          "attributes": {
            "bucket": "terraform-m2-demo-planet-us-east-1-115228050885",
            "expected_bucket_owner": "",
            "id": "terraform-m2-demo-planet-us-east-1-115228050885",
            "mfa": null,
            "versioning_configuration": [
              {
                "mfa_delete": "",
                "status": "Enabled"
              }
            ]
          },
          "sensitive_attributes": [],
          "private": "bnVsbA==",
          "dependencies": [
            "data.aws_caller_identity.current",
            "data.aws_region.current",
            "module.s3_bucket.aws_s3_bucket.this"
          ]
        }
      ]
    }
  ],
  "check_results": null
}
